// !$*UTF8*$!
{
	archiveVersion = 1;
	classes = {
	};
	objectVersion = 56;
	objects = {

/* Begin PBXBuildFile section */
		1A1B2C3D2A1B2C3D00123456 /* MatrixApp.swift in Sources */ = {isa = PBXBuildFile; fileRef = 1A1B2C3C2A1B2C3D00123456 /* MatrixApp.swift */; };
		1A1B2C3F2A1B2C3D00123456 /* ContentView.swift in Sources */ = {isa = PBXBuildFile; fileRef = 1A1B2C3E2A1B2C3D00123456 /* ContentView.swift */; };
		1A1B2C412A1B2C3D00123456 /* ConfigurationView.swift in Sources */ = {isa = PBXBuildFile; fileRef = 1A1B2C402A1B2C3D00123456 /* ConfigurationView.swift */; };
		1A1B2C432A1B2C3D00123456 /* LogView.swift in Sources */ = {isa = PBXBuildFile; fileRef = 1A1B2C422A1B2C3D00123456 /* LogView.swift */; };
		1A1B2C452A1B2C3D00123456 /* HealthKitManager.swift in Sources */ = {isa = PBXBuildFile; fileRef = 1A1B2C442A1B2C3D00123456 /* HealthKitManager.swift */; };
		1A1B2C472A1B2C3D00123456 /* PrometheusFormatter.swift in Sources */ = {isa = PBXBuildFile; fileRef = 1A1B2C462A1B2C3D00123456 /* PrometheusFormatter.swift */; };
		1A1B2C492A1B2C3D00123456 /* PrometheussPushService.swift in Sources */ = {isa = PBXBuildFile; fileRef = 1A1B2C482A1B2C3D00123456 /* PrometheussPushService.swift */; };
		1A1B2C4B2A1B2C3D00123456 /* BackgroundTaskManager.swift in Sources */ = {isa = PBXBuildFile; fileRef = 1A1B2C4A2A1B2C3D00123456 /* BackgroundTaskManager.swift */; };
		1A1B2C4D2A1B2C3D00123456 /* KeychainManager.swift in Sources */ = {isa = PBXBuildFile; fileRef = 1A1B2C4C2A1B2C3D00123456 /* KeychainManager.swift */; };
		1A1B2C4F2A1B2C3D00123456 /* NotificationManager.swift in Sources */ = {isa = PBXBuildFile; fileRef = 1A1B2C4E2A1B2C3D00123456 /* NotificationManager.swift */; };
		1A1B2C512A1B2C3D00123456 /* Logger.swift in Sources */ = {isa = PBXBuildFile; fileRef = 1A1B2C502A1B2C3D00123456 /* Logger.swift */; };
		1A1B2C532A1B2C3D00123456 /* Color+Extensions.swift in Sources */ = {isa = PBXBuildFile; fileRef = 1A1B2C522A1B2C3D00123456 /* Color+Extensions.swift */; };
		1A1B2C552A1B2C3D00123456 /* AppState.swift in Sources */ = {isa = PBXBuildFile; fileRef = 1A1B2C542A1B2C3D00123456 /* AppState.swift */; };
		1A1B2C572A1B2C3D00123456 /* MetricCache.swift in Sources */ = {isa = PBXBuildFile; fileRef = 1A1B2C562A1B2C3D00123456 /* MetricCache.swift */; };
		E2C4A6482E1304B500D2E39A /* MetricsOverviewView.swift in Sources */ = {isa = PBXBuildFile; fileRef = E2C4A6472E1304B500D2E39A /* MetricsOverviewView.swift */; };
		E2C4A6492E1304B500D2E39A /* MetricsConfigurationView.swift in Sources */ = {isa = PBXBuildFile; fileRef = E2C4A6462E1304B500D2E39A /* MetricsConfigurationView.swift */; };
/* End PBXBuildFile section */

/* Begin PBXFileReference section */
		1A1B2C392A1B2C3D00123456 /* Matrix.app */ = {isa = PBXFileReference; explicitFileType = wrapper.application; includeInIndex = 0; path = Matrix.app; sourceTree = BUILT_PRODUCTS_DIR; };
		1A1B2C3C2A1B2C3D00123456 /* MatrixApp.swift */ = {isa = PBXFileReference; lastKnownFileType = sourcecode.swift; path = MatrixApp.swift; sourceTree = "<group>"; };
		1A1B2C3E2A1B2C3D00123456 /* ContentView.swift */ = {isa = PBXFileReference; lastKnownFileType = sourcecode.swift; path = ContentView.swift; sourceTree = "<group>"; };
		1A1B2C402A1B2C3D00123456 /* ConfigurationView.swift */ = {isa = PBXFileReference; lastKnownFileType = sourcecode.swift; path = ConfigurationView.swift; sourceTree = "<group>"; };
		1A1B2C422A1B2C3D00123456 /* LogView.swift */ = {isa = PBXFileReference; lastKnownFileType = sourcecode.swift; path = LogView.swift; sourceTree = "<group>"; };
		1A1B2C442A1B2C3D00123456 /* HealthKitManager.swift */ = {isa = PBXFileReference; lastKnownFileType = sourcecode.swift; path = HealthKitManager.swift; sourceTree = "<group>"; };
		1A1B2C462A1B2C3D00123456 /* PrometheusFormatter.swift */ = {isa = PBXFileReference; lastKnownFileType = sourcecode.swift; path = PrometheusFormatter.swift; sourceTree = "<group>"; };
		1A1B2C482A1B2C3D00123456 /* PrometheussPushService.swift */ = {isa = PBXFileReference; lastKnownFileType = sourcecode.swift; path = PrometheussPushService.swift; sourceTree = "<group>"; };
		1A1B2C4A2A1B2C3D00123456 /* BackgroundTaskManager.swift */ = {isa = PBXFileReference; lastKnownFileType = sourcecode.swift; path = BackgroundTaskManager.swift; sourceTree = "<group>"; };
		1A1B2C4C2A1B2C3D00123456 /* KeychainManager.swift */ = {isa = PBXFileReference; lastKnownFileType = sourcecode.swift; path = KeychainManager.swift; sourceTree = "<group>"; };
		1A1B2C4E2A1B2C3D00123456 /* NotificationManager.swift */ = {isa = PBXFileReference; lastKnownFileType = sourcecode.swift; path = NotificationManager.swift; sourceTree = "<group>"; };
		1A1B2C502A1B2C3D00123456 /* Logger.swift */ = {isa = PBXFileReference; lastKnownFileType = sourcecode.swift; path = Logger.swift; sourceTree = "<group>"; };
		1A1B2C522A1B2C3D00123456 /* Color+Extensions.swift */ = {isa = PBXFileReference; lastKnownFileType = sourcecode.swift; path = "Color+Extensions.swift"; sourceTree = "<group>"; };
		1A1B2C542A1B2C3D00123456 /* AppState.swift */ = {isa = PBXFileReference; lastKnownFileType = sourcecode.swift; path = AppState.swift; sourceTree = "<group>"; };
		1A1B2C562A1B2C3D00123456 /* MetricCache.swift */ = {isa = PBXFileReference; lastKnownFileType = sourcecode.swift; path = MetricCache.swift; sourceTree = "<group>"; };
		1A1B2C582A1B2C3D00123456 /* Info.plist */ = {isa = PBXFileReference; lastKnownFileType = text.plist.xml; path = Info.plist; sourceTree = "<group>"; };
		1A1B2C592A1B2C3D00123456 /* Assets.xcassets */ = {isa = PBXFileReference; lastKnownFileType = folder.assetcatalog; path = Assets.xcassets; sourceTree = "<group>"; };
		1A1B2C5A2A1B2C3D00123456 /* Matrix.entitlements */ = {isa = PBXFileReference; lastKnownFileType = text.plist.entitlements; path = Matrix.entitlements; sourceTree = "<group>"; };
		E2C4A6462E1304B500D2E39A /* MetricsConfigurationView.swift */ = {isa = PBXFileReference; lastKnownFileType = sourcecode.swift; path = MetricsConfigurationView.swift; sourceTree = "<group>"; };
		E2C4A6472E1304B500D2E39A /* MetricsOverviewView.swift */ = {isa = PBXFileReference; lastKnownFileType = sourcecode.swift; path = MetricsOverviewView.swift; sourceTree = "<group>"; };
/* End PBXFileReference section */

/* Begin PBXFrameworksBuildPhase section */
		1A1B2C362A1B2C3D00123456 /* Frameworks */ = {
			isa = PBXFrameworksBuildPhase;
			buildActionMask = 2147483647;
			files = (
			);
			runOnlyForDeploymentPostprocessing = 0;
		};
/* End PBXFrameworksBuildPhase section */

/* Begin PBXGroup section */
		1A1B2C302A1B2C3D00123456 = {
			isa = PBXGroup;
			children = (
				1A1B2C3B2A1B2C3D00123456 /* Matrix */,
				1A1B2C3A2A1B2C3D00123456 /* Products */,
			);
			sourceTree = "<group>";
		};
		1A1B2C3A2A1B2C3D00123456 /* Products */ = {
			isa = PBXGroup;
			children = (
				1A1B2C392A1B2C3D00123456 /* Matrix.app */,
			);
			name = Products;
			sourceTree = "<group>";
		};
		1A1B2C3B2A1B2C3D00123456 /* Matrix */ = {
			isa = PBXGroup;
			children = (
				1A1B2C582A1B2C3D00123456 /* Info.plist */,
				1A1B2C592A1B2C3D00123456 /* Assets.xcassets */,
				1A1B2C5A2A1B2C3D00123456 /* Matrix.entitlements */,
				1A1B2C5B2A1B2C3D00123456 /* App */,
				1A1B2C5C2A1B2C3D00123456 /* Views */,
				1A1B2C5D2A1B2C3D00123456 /* Services */,
				1A1B2C5E2A1B2C3D00123456 /* Extensions */,
			);
			path = Matrix;
			sourceTree = "<group>";
		};
		1A1B2C5B2A1B2C3D00123456 /* App */ = {
			isa = PBXGroup;
			children = (
				1A1B2C3C2A1B2C3D00123456 /* MatrixApp.swift */,
				1A1B2C542A1B2C3D00123456 /* AppState.swift */,
			);
			path = App;
			sourceTree = "<group>";
		};
		1A1B2C5C2A1B2C3D00123456 /* Views */ = {
			isa = PBXGroup;
			children = (
				E2C4A6462E1304B500D2E39A /* MetricsConfigurationView.swift */,
				E2C4A6472E1304B500D2E39A /* MetricsOverviewView.swift */,
				1A1B2C3E2A1B2C3D00123456 /* ContentView.swift */,
				1A1B2C402A1B2C3D00123456 /* ConfigurationView.swift */,
				1A1B2C422A1B2C3D00123456 /* LogView.swift */,
			);
			path = Views;
			sourceTree = "<group>";
		};
		1A1B2C5D2A1B2C3D00123456 /* Services */ = {
			isa = PBXGroup;
			children = (
				1A1B2C442A1B2C3D00123456 /* HealthKitManager.swift */,
				1A1B2C462A1B2C3D00123456 /* PrometheusFormatter.swift */,
				1A1B2C482A1B2C3D00123456 /* PrometheussPushService.swift */,
				1A1B2C4A2A1B2C3D00123456 /* BackgroundTaskManager.swift */,
				1A1B2C4C2A1B2C3D00123456 /* KeychainManager.swift */,
				1A1B2C4E2A1B2C3D00123456 /* NotificationManager.swift */,
				1A1B2C502A1B2C3D00123456 /* Logger.swift */,
				1A1B2C562A1B2C3D00123456 /* MetricCache.swift */,
			);
			path = Services;
			sourceTree = "<group>";
		};
		1A1B2C5E2A1B2C3D00123456 /* Extensions */ = {
			isa = PBXGroup;
			children = (
				1A1B2C522A1B2C3D00123456 /* Color+Extensions.swift */,
			);
			path = Extensions;
			sourceTree = "<group>";
		};
/* End PBXGroup section */

/* Begin PBXNativeTarget section */
		1A1B2C382A1B2C3D00123456 /* Matrix */ = {
			isa = PBXNativeTarget;
			buildConfigurationList = 1A1B2C4D2A1B2C3E00123456 /* Build configuration list for PBXNativeTarget "Matrix" */;
			buildPhases = (
				1A1B2C352A1B2C3D00123456 /* Sources */,
				1A1B2C362A1B2C3D00123456 /* Frameworks */,
				1A1B2C372A1B2C3D00123456 /* Resources */,
			);
			buildRules = (
			);
			dependencies = (
			);
			name = Matrix;
			productName = Matrix;
			productReference = 1A1B2C392A1B2C3D00123456 /* Matrix.app */;
			productType = "com.apple.product-type.application";
		};
/* End PBXNativeTarget section */

/* Begin PBXProject section */
		1A1B2C312A1B2C3D00123456 /* Project object */ = {
			isa = PBXProject;
			attributes = {
				BuildIndependentTargetsInParallel = 1;
				LastSwiftUpdateCheck = 1500;
				LastUpgradeCheck = 1500;
				TargetAttributes = {
					1A1B2C382A1B2C3D00123456 = {
						CreatedOnToolsVersion = 15.0;
					};
				};
			};
			buildConfigurationList = 1A1B2C342A1B2C3D00123456 /* Build configuration list for PBXProject "Matrix" */;
			compatibilityVersion = "Xcode 14.0";
			developmentRegion = en;
			hasScannedForEncodings = 0;
			knownRegions = (
				en,
				Base,
			);
			mainGroup = 1A1B2C302A1B2C3D00123456;
			productRefGroup = 1A1B2C3A2A1B2C3D00123456 /* Products */;
			projectDirPath = "";
			projectRoot = "";
			targets = (
				1A1B2C382A1B2C3D00123456 /* Matrix */,
			);
		};
/* End PBXProject section */

/* Begin PBXResourcesBuildPhase section */
		1A1B2C372A1B2C3D00123456 /* Resources */ = {
			isa = PBXResourcesBuildPhase;
			buildActionMask = 2147483647;
			files = (
			);
			runOnlyForDeploymentPostprocessing = 0;
		};
/* End PBXResourcesBuildPhase section */

/* Begin PBXSourcesBuildPhase section */
		1A1B2C352A1B2C3D00123456 /* Sources */ = {
			isa = PBXSourcesBuildPhase;
			buildActionMask = 2147483647;
			files = (
				1A1B2C3D2A1B2C3D00123456 /* MatrixApp.swift in Sources */,
				1A1B2C3F2A1B2C3D00123456 /* ContentView.swift in Sources */,
				1A1B2C412A1B2C3D00123456 /* ConfigurationView.swift in Sources */,
				1A1B2C432A1B2C3D00123456 /* LogView.swift in Sources */,
				1A1B2C452A1B2C3D00123456 /* HealthKitManager.swift in Sources */,
				E2C4A6482E1304B500D2E39A /* MetricsOverviewView.swift in Sources */,
				E2C4A6492E1304B500D2E39A /* MetricsConfigurationView.swift in Sources */,
				1A1B2C472A1B2C3D00123456 /* PrometheusFormatter.swift in Sources */,
				1A1B2C492A1B2C3D00123456 /* PrometheussPushService.swift in Sources */,
				1A1B2C4B2A1B2C3D00123456 /* BackgroundTaskManager.swift in Sources */,
				1A1B2C4D2A1B2C3D00123456 /* KeychainManager.swift in Sources */,
				1A1B2C4F2A1B2C3D00123456 /* NotificationManager.swift in Sources */,
				1A1B2C512A1B2C3D00123456 /* Logger.swift in Sources */,
				1A1B2C532A1B2C3D00123456 /* Color+Extensions.swift in Sources */,
				1A1B2C552A1B2C3D00123456 /* AppState.swift in Sources */,
				1A1B2C572A1B2C3D00123456 /* MetricCache.swift in Sources */,
			);
			runOnlyForDeploymentPostprocessing = 0;
		};
/* End PBXSourcesBuildPhase section */

/* Begin XCBuildConfiguration section */
		1A1B2C4B2A1B2C3E00123456 /* Debug */ = {
			isa = XCBuildConfiguration;
			buildSettings = {
				ALWAYS_SEARCH_USER_PATHS = NO;
				ASSETCATALOG_COMPILER_GENERATE_SWIFT_ASSET_SYMBOL_EXTENSIONS = YES;
				CLANG_ANALYZER_NONNULL = YES;
				CLANG_ANALYZER_NUMBER_OBJECT_CONVERSION = YES_AGGRESSIVE;
				CLANG_CXX_LANGUAGE_STANDARD = "gnu++20";
				CLANG_ENABLE_MODULES = YES;
				CLANG_ENABLE_OBJC_ARC = YES;
				CLANG_ENABLE_OBJC_WEAK = YES;
				CLANG_WARN_BLOCK_CAPTURE_AUTORELEASING = YES;
				CLANG_WARN_BOOL_CONVERSION = YES;
				CLANG_WARN_COMMA = YES;
				CLANG_WARN_CONSTANT_CONVERSION = YES;
				CLANG_WARN_DEPRECATED_OBJC_IMPLEMENTATIONS = YES;
				CLANG_WARN_DIRECT_OBJC_ISA_USAGE = YES_ERROR;
				CLANG_WARN_DOCUMENTATION_COMMENTS = YES;
				CLANG_WARN_EMPTY_BODY = YES;
				CLANG_WARN_ENUM_CONVERSION = YES;
				CLANG_WARN_INFINITE_RECURSION = YES;
				CLANG_WARN_INT_CONVERSION = YES;
				CLANG_WARN_NON_LITERAL_NULL_CONVERSION = YES;
				CLANG_WARN_OBJC_IMPLICIT_RETAIN_SELF = YES;
				CLANG_WARN_OBJC_LITERAL_CONVERSION = YES;
				CLANG_WARN_OBJC_ROOT_CLASS = YES_ERROR;
				CLANG_WARN_QUOTED_INCLUDE_IN_FRAMEWORK_HEADER = YES;
				CLANG_WARN_RANGE_LOOP_ANALYSIS = YES;
				CLANG_WARN_STRICT_PROTOTYPES = YES;
				CLANG_WARN_SUSPICIOUS_MOVE = YES;
				CLANG_WARN_UNGUARDED_AVAILABILITY = YES_AGGRESSIVE;
				CLANG_WARN_UNREACHABLE_CODE = YES;
				CLANG_WARN__DUPLICATE_METHOD_MATCH = YES;
				COPY_PHASE_STRIP = NO;
				DEBUG_INFORMATION_FORMAT = dwarf;
				ENABLE_STRICT_OBJC_MSGSEND = YES;
				ENABLE_TESTABILITY = YES;
				ENABLE_USER_SCRIPT_SANDBOXING = YES;
				GCC_C_LANGUAGE_STANDARD = gnu17;
				GCC_DYNAMIC_NO_PIC = NO;
				GCC_NO_COMMON_BLOCKS = YES;
				GCC_OPTIMIZATION_LEVEL = 0;
				GCC_PREPROCESSOR_DEFINITIONS = (
					"DEBUG=1",
					"$(inherited)",
				);
				GCC_WARN_64_TO_32_BIT_CONVERSION = YES;
				GCC_WARN_ABOUT_RETURN_TYPE = YES_ERROR;
				GCC_WARN_UNDECLARED_SELECTOR = YES;
				GCC_WARN_UNINITIALIZED_AUTOS = YES_AGGRESSIVE;
				GCC_WARN_UNUSED_FUNCTION = YES;
				GCC_WARN_UNUSED_VARIABLE = YES;
				IPHONEOS_DEPLOYMENT_TARGET = 16.0;
				LOCALIZATION_PREFERS_STRING_CATALOGS = YES;
				MTL_ENABLE_DEBUG_INFO = INCLUDE_SOURCE;
				MTL_FAST_MATH = YES;
				ONLY_ACTIVE_ARCH = YES;
				SDKROOT = iphoneos;
				SWIFT_ACTIVE_COMPILATION_CONDITIONS = "DEBUG $(inherited)";
				SWIFT_OPTIMIZATION_LEVEL = "-Onone";
			};
			name = Debug;
		};
		1A1B2C4C2A1B2C3E00123456 /* Release */ = {
			isa = XCBuildConfiguration;
			buildSettings = {
				ALWAYS_SEARCH_USER_PATHS = NO;
				ASSETCATALOG_COMPILER_GENERATE_SWIFT_ASSET_SYMBOL_EXTENSIONS = YES;
				CLANG_ANALYZER_NONNULL = YES;
				CLANG_ANALYZER_NUMBER_OBJECT_CONVERSION = YES_AGGRESSIVE;
				CLANG_CXX_LANGUAGE_STANDARD = "gnu++20";
				CLANG_ENABLE_MODULES = YES;
				CLANG_ENABLE_OBJC_ARC = YES;
				CLANG_ENABLE_OBJC_WEAK = YES;
				CLANG_WARN_BLOCK_CAPTURE_AUTORELEASING = YES;
				CLANG_WARN_BOOL_CONVERSION = YES;
				CLANG_WARN_COMMA = YES;
				CLANG_WARN_CONSTANT_CONVERSION = YES;
				CLANG_WARN_DEPRECATED_OBJC_IMPLEMENTATIONS = YES;
				CLANG_WARN_DIRECT_OBJC_ISA_USAGE = YES_ERROR;
				CLANG_WARN_DOCUMENTATION_COMMENTS = YES;
				CLANG_WARN_EMPTY_BODY = YES;
				CLANG_WARN_ENUM_CONVERSION = YES;
				CLANG_WARN_INFINITE_RECURSION = YES;
				CLANG_WARN_INT_CONVERSION = YES;
				CLANG_WARN_NON_LITERAL_NULL_CONVERSION = YES;
				CLANG_WARN_OBJC_IMPLICIT_RETAIN_SELF = YES;
				CLANG_WARN_OBJC_LITERAL_CONVERSION = YES;
				CLANG_WARN_OBJC_ROOT_CLASS = YES_ERROR;
				CLANG_WARN_QUOTED_INCLUDE_IN_FRAMEWORK_HEADER = YES;
				CLANG_WARN_RANGE_LOOP_ANALYSIS = YES;
				CLANG_WARN_STRICT_PROTOTYPES = YES;
				CLANG_WARN_SUSPICIOUS_MOVE = YES;
				CLANG_WARN_UNGUARDED_AVAILABILITY = YES_AGGRESSIVE;
				CLANG_WARN_UNREACHABLE_CODE = YES;
				CLANG_WARN__DUPLICATE_METHOD_MATCH = YES;
				COPY_PHASE_STRIP = NO;
				DEBUG_INFORMATION_FORMAT = "dwarf-with-dsym";
				ENABLE_NS_ASSERTIONS = NO;
				ENABLE_STRICT_OBJC_MSGSEND = YES;
				ENABLE_USER_SCRIPT_SANDBOXING = YES;
				GCC_C_LANGUAGE_STANDARD = gnu17;
				GCC_NO_COMMON_BLOCKS = YES;
				GCC_WARN_64_TO_32_BIT_CONVERSION = YES;
				GCC_WARN_ABOUT_RETURN_TYPE = YES_ERROR;
				GCC_WARN_UNDECLARED_SELECTOR = YES;
				GCC_WARN_UNINITIALIZED_AUTOS = YES_AGGRESSIVE;
				GCC_WARN_UNUSED_FUNCTION = YES;
				GCC_WARN_UNUSED_VARIABLE = YES;
				IPHONEOS_DEPLOYMENT_TARGET = 16.0;
				LOCALIZATION_PREFERS_STRING_CATALOGS = YES;
				MTL_ENABLE_DEBUG_INFO = NO;
				MTL_FAST_MATH = YES;
				SDKROOT = iphoneos;
				SWIFT_COMPILATION_MODE = wholemodule;
				VALIDATE_PRODUCT = YES;
			};
			name = Release;
		};
		1A1B2C4E2A1B2C3E00123456 /* Debug */ = {
			isa = XCBuildConfiguration;
			buildSettings = {
				ASSETCATALOG_COMPILER_APPICON_NAME = AppIcon;
				ASSETCATALOG_COMPILER_GLOBAL_ACCENT_COLOR_NAME = AccentColor;
				CODE_SIGN_ENTITLEMENTS = Matrix/Matrix.entitlements;
				CODE_SIGN_STYLE = Automatic;
				CURRENT_PROJECT_VERSION = 1;
				DEVELOPMENT_TEAM = 3EY79Z2NM9;
				ENABLE_PREVIEWS = YES;
				GENERATE_INFOPLIST_FILE = YES;
				INFOPLIST_FILE = Matrix/Info.plist;
				INFOPLIST_KEY_NSHealthShareUsageDescription = "Matrix needs access to your health data to export metrics to Prometheus for visualization in Grafana.";
				INFOPLIST_KEY_NSHealthUpdateUsageDescription = "Matrix does not update any health data.";
				INFOPLIST_KEY_UIApplicationSupportsIndirectInputEvents = YES;
				INFOPLIST_KEY_UILaunchScreen_Generation = YES;
				INFOPLIST_KEY_UIRequiredDeviceCapabilities = "armv7 healthkit";
				INFOPLIST_KEY_UISupportedInterfaceOrientations = UIInterfaceOrientationPortrait;
				INFOPLIST_KEY_UISupportedInterfaceOrientations_iPad = "UIInterfaceOrientationLandscapeLeft UIInterfaceOrientationLandscapeRight UIInterfaceOrientationPortrait UIInterfaceOrientationPortraitUpsideDown";
				LD_RUNPATH_SEARCH_PATHS = (
					"$(inherited)",
					"@executable_path/Frameworks",
				);
				MARKETING_VERSION = 1.0;
				PRODUCT_BUNDLE_IDENTIFIER = com.vivek.matrix.health;
				PRODUCT_NAME = "$(TARGET_NAME)";
				SUPPORTED_PLATFORMS = "iphoneos iphonesimulator";
				SUPPORTS_MACCATALYST = NO;
				SUPPORTS_MAC_DESIGNED_FOR_IPHONE_IPAD = NO;
				SWIFT_EMIT_LOC_STRINGS = YES;
				SWIFT_VERSION = 5.0;
				TARGETED_DEVICE_FAMILY = 1;
			};
			name = Debug;
		};
		1A1B2C4F2A1B2C3E00123456 /* Release */ = {
			isa = XCBuildConfiguration;
			buildSettings = {
				ASSETCATALOG_COMPILER_APPICON_NAME = AppIcon;
				ASSETCATALOG_COMPILER_GLOBAL_ACCENT_COLOR_NAME = AccentColor;
				CODE_SIGN_ENTITLEMENTS = Matrix/Matrix.entitlements;
				CODE_SIGN_STYLE = Automatic;
				CURRENT_PROJECT_VERSION = 1;
				DEVELOPMENT_TEAM = 3EY79Z2NM9;
				ENABLE_PREVIEWS = YES;
				GENERATE_INFOPLIST_FILE = YES;
				INFOPLIST_FILE = Matrix/Info.plist;
				INFOPLIST_KEY_NSHealthShareUsageDescription = "Matrix needs access to your health data to export metrics to Prometheus for visualization in Grafana.";
				INFOPLIST_KEY_NSHealthUpdateUsageDescription = "Matrix does not update any health data.";
				INFOPLIST_KEY_UIApplicationSupportsIndirectInputEvents = YES;
				INFOPLIST_KEY_UILaunchScreen_Generation = YES;
				INFOPLIST_KEY_UIRequiredDeviceCapabilities = "armv7 healthkit";
				INFOPLIST_KEY_UISupportedInterfaceOrientations = UIInterfaceOrientationPortrait;
				INFOPLIST_KEY_UISupportedInterfaceOrientations_iPad = "UIInterfaceOrientationLandscapeLeft UIInterfaceOrientationLandscapeRight UIInterfaceOrientationPortrait UIInterfaceOrientationPortraitUpsideDown";
				LD_RUNPATH_SEARCH_PATHS = (
					"$(inherited)",
					"@executable_path/Frameworks",
				);
				MARKETING_VERSION = 1.0;
				PRODUCT_BUNDLE_IDENTIFIER = com.vivek.matrix.health;
				PRODUCT_NAME = "$(TARGET_NAME)";
				SUPPORTED_PLATFORMS = "iphoneos iphonesimulator";
				SUPPORTS_MACCATALYST = NO;
				SUPPORTS_MAC_DESIGNED_FOR_IPHONE_IPAD = NO;
				SWIFT_EMIT_LOC_STRINGS = YES;
				SWIFT_VERSION = 5.0;
				TARGETED_DEVICE_FAMILY = 1;
			};
			name = Release;
		};
/* End XCBuildConfiguration section */

/* Begin XCConfigurationList section */
		1A1B2C342A1B2C3D00123456 /* Build configuration list for PBXProject "Matrix" */ = {
			isa = XCConfigurationList;
			buildConfigurations = (
				1A1B2C4B2A1B2C3E00123456 /* Debug */,
				1A1B2C4C2A1B2C3E00123456 /* Release */,
			);
			defaultConfigurationIsVisible = 0;
			defaultConfigurationName = Release;
		};
		1A1B2C4D2A1B2C3E00123456 /* Build configuration list for PBXNativeTarget "Matrix" */ = {
			isa = XCConfigurationList;
			buildConfigurations = (
				1A1B2C4E2A1B2C3E00123456 /* Debug */,
				1A1B2C4F2A1B2C3E00123456 /* Release */,
			);
			defaultConfigurationIsVisible = 0;
			defaultConfigurationName = Release;
		};
/* End XCConfigurationList section */
	};
	rootObject = 1A1B2C312A1B2C3D00123456 /* Project object */;
}
